<?xml version="1.0" encoding="utf-8"?>
<Project ToolsVersion="4.0" xmlns="http://schemas.microsoft.com/developer/msbuild/2003">
  <ItemGroup>
    <Filter Include="win32">
      <UniqueIdentifier>{84a8ebd7-7cf0-47f6-b75e-d441df67da40}</UniqueIdentifier>
    </Filter>
    <Filter Include="Classes">
      <UniqueIdentifier>{bb6c862e-70e9-49d9-81b7-3829a6f50471}</UniqueIdentifier>
    </Filter>
    <Filter Include="resource">
      <UniqueIdentifier>{715254bc-d70b-4ec5-bf29-467dd3ace079}</UniqueIdentifier>
    </Filter>
    <Filter Include="Classes\ObjCut">
      <UniqueIdentifier>{b29ece3b-ea4b-4167-9b6c-0aebc1601f23}</UniqueIdentifier>
    </Filter>
  </ItemGroup>
  <ItemGroup>
    <ClCompile Include="main.cpp">
      <Filter>win32</Filter>
    </ClCompile>
    <ClCompile Include="..\Classes\AppDelegate.cpp">
      <Filter>Classes</Filter>
    </ClCompile>
    <ClCompile Include="..\Classes\gameScene.cpp">
      <Filter>Classes</Filter>
    </ClCompile>
    <ClCompile Include="..\Classes\MyBodyParser.cpp">
      <Filter>Classes</Filter>
    </ClCompile>
    <ClCompile Include="..\Classes\ACutSprite.cpp">
      <Filter>Classes\ObjCut</Filter>
    </ClCompile>
    <ClCompile Include="..\Classes\Watermelon.cpp">
      <Filter>Classes\ObjCut</Filter>
    </ClCompile>
    <ClCompile Include="..\Classes\Candy.cpp">
      <Filter>Classes\ObjCut</Filter>
    </ClCompile>
    <ClCompile Include="..\Classes\Cat.cpp">
      <Filter>Classes\ObjCut</Filter>
    </ClCompile>
    <ClCompile Include="..\Classes\Bag.cpp">
      <Filter>Classes\ObjCut</Filter>
    </ClCompile>
    <ClCompile Include="..\Classes\BookItem.cpp">
      <Filter>Classes\ObjCut</Filter>
    </ClCompile>
    <ClCompile Include="..\Classes\Potatoes.cpp">
      <Filter>Classes\ObjCut</Filter>
    </ClCompile>
    <ClCompile Include="..\Classes\StudentBoy.cpp">
      <Filter>Classes\ObjCut</Filter>
    </ClCompile>
    <ClCompile Include="..\Classes\StudentGirl.cpp">
      <Filter>Classes\ObjCut</Filter>
    </ClCompile>
    <ClCompile Include="..\Classes\Teacher.cpp">
      <Filter>Classes\ObjCut</Filter>
    </ClCompile>
    <ClCompile Include="..\Classes\Gummy.cpp">
      <Filter>Classes\ObjCut</Filter>
    </ClCompile>
    <ClCompile Include="..\Classes\Pen.cpp">
      <Filter>Classes\ObjCut</Filter>
    </ClCompile>
    <ClCompile Include="..\Classes\Menu.cpp">
      <Filter>Classes</Filter>
    </ClCompile>
  </ItemGroup>
  <ItemGroup>
    <ClInclude Include="main.h">
      <Filter>win32</Filter>
    </ClInclude>
    <ClInclude Include="..\Classes\AppDelegate.h">
      <Filter>Classes</Filter>
    </ClInclude>
    <ClInclude Include="..\Classes\gameScene.h">
      <Filter>Classes</Filter>
    </ClInclude>
    <ClInclude Include="..\Classes\MyBodyParser.h">
      <Filter>Classes</Filter>
    </ClInclude>
    <ClInclude Include="..\Classes\zOrder.h">
      <Filter>Classes</Filter>
    </ClInclude>
    <ClInclude Include="resource.h">
      <Filter>resource</Filter>
    </ClInclude>
    <ClInclude Include="..\Classes\ACutSprite.h">
      <Filter>Classes\ObjCut</Filter>
    </ClInclude>
    <ClInclude Include="..\Classes\Watermelon.h">
      <Filter>Classes\ObjCut</Filter>
    </ClInclude>
    <ClInclude Include="..\Classes\BookItem.h">
      <Filter>Classes\ObjCut</Filter>
    </ClInclude>
    <ClInclude Include="..\Classes\Candy.h">
      <Filter>Classes\ObjCut</Filter>
    </ClInclude>
    <ClInclude Include="..\Classes\Cat.h">
      <Filter>Classes\ObjCut</Filter>
    </ClInclude>
    <ClInclude Include="..\Classes\Bag.h">
      <Filter>Classes\ObjCut</Filter>
    </ClInclude>
    <ClInclude Include="..\Classes\Pen.h">
      <Filter>Classes\ObjCut</Filter>
    </ClInclude>
    <ClInclude Include="..\Classes\Potatoes.h">
      <Filter>Classes\ObjCut</Filter>
    </ClInclude>
    <ClInclude Include="..\Classes\StudentBoy.h">
      <Filter>Classes\ObjCut</Filter>
    </ClInclude>
    <ClInclude Include="..\Classes\StudentGirl.h">
      <Filter>Classes\ObjCut</Filter>
    </ClInclude>
    <ClInclude Include="..\Classes\Teacher.h">
      <Filter>Classes\ObjCut</Filter>
    </ClInclude>
    <ClInclude Include="..\Classes\Gummy.h">
      <Filter>Classes\ObjCut</Filter>
    </ClInclude>
    <ClInclude Include="..\Classes\Menu.h">
      <Filter>Classes</Filter>
    </ClInclude>
  </ItemGroup>
  <ItemGroup>
    <ResourceCompile Include="game.rc">
      <Filter>resource</Filter>
    </ResourceCompile>
  </ItemGroup>
  <ItemGroup>
    <Image Include="..\Resources\watermelon.png">
      <Filter>resource</Filter>
    </Image>
    <Image Include="..\Resources\bag.png">
      <Filter>resource</Filter>
    </Image>
    <Image Include="..\Resources\book.png">
      <Filter>resource</Filter>
    </Image>
    <Image Include="..\Resources\candy.png">
      <Filter>resource</Filter>
    </Image>
    <Image Include="..\Resources\cat.png">
      <Filter>resource</Filter>
    </Image>
    <Image Include="res\game.ico">
      <Filter>resource</Filter>
    </Image>
    <Image Include="..\Resources\gummy.png">
      <Filter>resource</Filter>
    </Image>
    <Image Include="..\Resources\Line.png">
      <Filter>resource</Filter>
    </Image>
    <Image Include="..\Resources\pen.png">
      <Filter>resource</Filter>
    </Image>
    <Image Include="..\Resources\potatoes.png">
      <Filter>resource</Filter>
    </Image>
    <Image Include="..\Resources\student-boy.png">
      <Filter>resource</Filter>
    </Image>
    <Image Include="..\Resources\student-girl.png">
      <Filter>resource</Filter>
    </Image>
    <Image Include="..\Resources\teacher.png">
      <Filter>resource</Filter>
    </Image>
  </ItemGroup>
  <ItemGroup>
    <None Include="..\Resources\watermelon.json">
      <Filter>resource</Filter>
    </None>
    <None Include="..\Resources\Bag.json">
      <Filter>resource</Filter>
    </None>
    <None Include="..\Resources\BookItem.json">
      <Filter>resource</Filter>
    </None>
    <None Include="..\Resources\Candy.json">
      <Filter>resource</Filter>
    </None>
    <None Include="..\Resources\Cat.json">
      <Filter>resource</Filter>
    </None>
    <None Include="..\Resources\Gummy.json">
      <Filter>resource</Filter>
    </None>
    <None Include="..\Resources\Pen.json">
      <Filter>resource</Filter>
    </None>
    <None Include="..\Resources\Potatoes.json">
      <Filter>resource</Filter>
    </None>
    <None Include="..\Resources\StudentBoy.json">
      <Filter>resource</Filter>
    </None>
    <None Include="..\Resources\StudentGirl.json">
      <Filter>resource</Filter>
    </None>
    <None Include="..\Resources\Teacher.json">
      <Filter>resource</Filter>
    </None>
  </ItemGroup>
</Project>